ariga.io/atlas v0.29.1 h1:7gB8XRFTnJeZ7ZiccNCJqwBtUv3yjFyxRFDMzu0AmRg=
ariga.io/atlas v0.29.1/go.mod h1:lkLAw/t2/P7g5CFYlYmHvNuShlmGujwm3OGsW00xowI=
entgo.io/ent v0.14.1 h1:fUERL506Pqr92EPHJqr8EYxbPioflJo6PudkrEA8a/s=
entgo.io/ent v0.14.1/go.mod h1:MH6XLG0KXpkcDQhKiHfANZSzR55TJyPL5IGNpI8wpco=
filippo.io/edwards25519 v1.1.0 h1:FNf4tywRC1HmFuKW5xopWpigGjJKiJSV0Cqo0cJWDaA=
filippo.io/edwards25519 v1.1.0/go.mod h1:BxyFTGdWcka3PhytdK4V28tE5sGfRvvvRV7EaN4VDT4=
github.com/Azure/go-ansiterm v0.0.0-20230124172434-306776ec8161 h1:L/gRVlceqvL25UVaW/CKtUDjefjrs0SPonmDGUVOYP0=
github.com/Azure/go-ansiterm v0.0.0-20230124172434-306776ec8161/go.mod h1:xomTg63KZ2rFqZQzSB4Vz2SUXa1BpHTVz9L5PTmPC4E=
github.com/DATA-DOG/go-sqlmock v1.5.0 h1:Shsta01QNfFxHCfpW6YH2STWB0MudeXXEWMr20OEh60=
github.com/DATA-DOG/go-sqlmock v1.5.0/go.mod h1:f/Ixk793poVmq4qj/V1dPUg2JEAKC73Q5eFN3EC/SaM=
github.com/Microsoft/go-winio v0.6.2 h1:F2VQgta7ecxGYO8k3ZZz3RS8fVIXVxONVUPlNERoyfY=
github.com/Microsoft/go-winio v0.6.2/go.mod h1:yd8OoFMLzJbo9gZq8j5qaps8bJ9aShtEA8Ipt1oGCvU=
github.com/agext/levenshtein v1.2.3 h1:YB2fHEn0UJagG8T1rrWknE3ZQzWM06O8AMAatNn7lmo=
github.com/agext/levenshtein v1.2.3/go.mod h1:JEDfjyjHDjOF/1e4FlBE/PkbqA9OfWu2ki2W0IB5558=
github.com/apparentlymart/go-textseg/v15 v15.0.0 h1:uYvfpb3DyLSCGWnctWKGj857c6ew1u1fNQOlOtuGxQY=
github.com/apparentlymart/go-textseg/v15 v15.0.0/go.mod h1:K8XmNZdhEBkdlyDdvbmmsvpAG721bKi0joRfFdHIWJ4=
github.com/aws/aws-sdk-go v1.55.5 h1:KKUZBfBoyqy5d3swXyiC7Q76ic40rYcbqH7qjh59kzU=
github.com/aws/aws-sdk-go v1.55.5/go.mod h1:eRwEWoyTWFMVYVQzKMNHWP5/RV4xIUGMQfXQHfHkpNU=
github.com/bmatcuk/doublestar v1.3.4 h1:gPypJ5xD31uhX6Tf54sDPUOBXTqKH4c9aPY66CyQrS0=
github.com/bmatcuk/doublestar v1.3.4/go.mod h1:wiQtGV+rzVYxB7WIlirSN++5HPtPlXEo9MEoZQC/PmE=
github.com/bytedance/sonic v1.12.6 h1:/isNmCUF2x3Sh8RAp/4mh4ZGkcFAX/hLrzrK3AvpRzk=
github.com/bytedance/sonic v1.12.6/go.mod h1:B8Gt/XvtZ3Fqj+iSKMypzymZxw/FVwgIGKzMzT9r/rk=
github.com/bytedance/sonic/loader v0.1.1/go.mod h1:ncP89zfokxS5LZrJxl5z0UJcsk4M4yY2JpfqGeCtNLU=
github.com/bytedance/sonic/loader v0.2.1 h1:1GgorWTqf12TA8mma4DDSbaQigE2wOgQo7iCjjJv3+E=
github.com/bytedance/sonic/loader v0.2.1/go.mod h1:ncP89zfokxS5LZrJxl5z0UJcsk4M4yY2JpfqGeCtNLU=
github.com/cespare/xxhash/v2 v2.3.0 h1:UL815xU9SqsFlibzuggzjXhog7bL6oX9BbNZnL2UFvs=
github.com/cespare/xxhash/v2 v2.3.0/go.mod h1:VGX0DQ3Q6kWi7AoAeZDth3/j3BFtOZR5XLFGgcrjCOs=
github.com/chai2010/webp v1.1.1 h1:jTRmEccAJ4MGrhFOrPMpNGIJ/eybIgwKpcACsrTEapk=
github.com/chai2010/webp v1.1.1/go.mod h1:0XVwvZWdjjdxpUEIf7b9g9VkHFnInUSYujwqTLEuldU=
github.com/cloudwego/base64x v0.1.4 h1:jwCgWpFanWmN8xoIUHa2rtzmkd5J2plF/dnLS6Xd/0Y=
github.com/cloudwego/base64x v0.1.4/go.mod h1:0zlkT4Wn5C6NdauXdJRhSKRlJvmclQ1hhJgA0rcu/8w=
github.com/cloudwego/iasm v0.2.0 h1:1KNIy1I1H9hNNFEEH3DVnI4UujN+1zjpuk6gwHLTssg=
github.com/cloudwego/iasm v0.2.0/go.mod h1:8rXZaNYT2n95jn+zTI1sDr+IgcD2GVs0nlbbQPiEFhY=
github.com/cpuguy83/go-md2man/v2 v2.0.4/go.mod h1:tgQtvFlXSQOSOSIRvRPT7W67SCa46tRHOmNcaadrF8o=
github.com/davecgh/go-spew v1.1.0/go.mod h1:J7Y8YcW2NihsgmVo/mv3lAwl/skON4iLHjSsI+c5H38=
github.com/davecgh/go-spew v1.1.1 h1:vj9j/u1bqnvCEfJOwUhtlOARqs3+rkHYY13jYWTU97c=
github.com/davecgh/go-spew v1.1.1/go.mod h1:J7Y8YcW2NihsgmVo/mv3lAwl/skON4iLHjSsI+c5H38=
github.com/dgryski/go-rendezvous v0.0.0-20200823014737-9f7001d12a5f h1:lO4WD4F/rVNCu3HqELle0jiPLLBs70cWOduZpkS1E78=
github.com/dgryski/go-rendezvous v0.0.0-20200823014737-9f7001d12a5f/go.mod h1:cuUVRXasLTGF7a8hSLbxyZXjz+1KgoB3wDUb6vlszIc=
github.com/dhui/dktest v0.4.3 h1:wquqUxAFdcUgabAVLvSCOKOlag5cIZuaOjYIBOWdsR0=
github.com/dhui/dktest v0.4.3/go.mod h1:zNK8IwktWzQRm6I/l2Wjp7MakiyaFWv4G1hjmodmMTs=
github.com/disintegration/imaging v1.6.2 h1:w1LecBlG2Lnp8B3jk5zSuNqd7b4DXhcjwek1ei82L+c=
github.com/disintegration/imaging v1.6.2/go.mod h1:44/5580QXChDfwIclfc/PCwrr44amcmDAg8hxG0Ewe4=
github.com/distribution/reference v0.6.0 h1:0IXCQ5g4/QMHHkarYzh5l+u8T3t73zM5QvfrDyIgxBk=
github.com/distribution/reference v0.6.0/go.mod h1:BbU0aIcezP1/5jX/8MP0YiH4SdvB5Y4f/wlDRiLyi3E=
github.com/docker/docker v27.2.0+incompatible h1:Rk9nIVdfH3+Vz4cyI/uhbINhEZ/oLmc+CBXmH6fbNk4=
github.com/docker/docker v27.2.0+incompatible/go.mod h1:eEKB0N0r5NX/I1kEveEz05bcu8tLC/8azJZsviup8Sk=
github.com/docker/go-connections v0.5.0 h1:USnMq7hx7gwdVZq1L49hLXaFtUdTADjXGp+uj1Br63c=
github.com/docker/go-connections v0.5.0/go.mod h1:ov60Kzw0kKElRwhNs9UlUHAE/F9Fe6GLaXnqyDdmEXc=
github.com/docker/go-units v0.5.0 h1:69rxXcBk27SvSaaxTtLh/8llcHD8vYHT7WSdRZ/jvr4=
github.com/docker/go-units v0.5.0/go.mod h1:fgPhTUdO+D/Jk86RDLlptpiXQzgHJF7gydDDbaIK4Dk=
github.com/felixge/httpsnoop v1.0.4 h1:NFTV2Zj1bL4mc9sqWACXbQFVBBg2W3GPvqp8/ESS2Wg=
github.com/felixge/httpsnoop v1.0.4/go.mod h1:m8KPJKqk1gH5J9DgRY2ASl2lWCfGKXixSwevea8zH2U=
github.com/fsnotify/fsnotify v1.4.9 h1:hsms1Qyu0jgnwNXIxa+/V/PDsU6CfLf6CNO8H7IWoS4=
github.com/fsnotify/fsnotify v1.4.9/go.mod h1:znqG4EE+3YCdAaPaxE2ZRY/06pZUdp0tY4IgpuI1SZQ=
github.com/gabriel-vasile/mimetype v1.4.7 h1:SKFKl7kD0RiPdbht0s7hFtjl489WcQ1VyPW8ZzUMYCA=
github.com/gabriel-vasile/mimetype v1.4.7/go.mod h1:GDlAgAyIRT27BhFl53XNAFtfjzOkLaF35JdEG0P7LtU=
github.com/gin-contrib/sse v0.1.0 h1:Y/yl/+YNO8GZSjAhjMsSuLt29uWRFHdHYUb5lYOV9qE=
github.com/gin-contrib/sse v0.1.0/go.mod h1:RHrZQHXnP2xjPF+u1gW/2HnVO7nvIa9PG3Gm+fLHvGI=
github.com/gin-gonic/gin v1.10.0 h1:nTuyha1TYqgedzytsKYqna+DfLos46nTv2ygFy86HFU=
github.com/gin-gonic/gin v1.10.0/go.mod h1:4PMNQiOhvDRa013RKVbsiNwoyezlm2rm0uX/T7kzp5Y=
github.com/go-logr/logr v1.4.2 h1:6pFjapn8bFcIbiKo3XT4j/BhANplGihG6tvd+8rYgrY=
github.com/go-logr/logr v1.4.2/go.mod h1:9T104GzyrTigFIr8wt5mBrctHMim0Nb2HLGrmQ40KvY=
github.com/go-logr/stdr v1.2.2 h1:hSWxHoqTgW2S2qGc0LTAI563KZ5YKYRhT3MFKZMbjag=
github.com/go-logr/stdr v1.2.2/go.mod h1:mMo/vtBO5dYbehREoey6XUKy/eSumjCCveDpRre4VKE=
github.com/go-openapi/inflect v0.21.0 h1:FoBjBTQEcbg2cJUWX6uwL9OyIW8eqc9k4KhN4lfbeYk=
github.com/go-openapi/inflect v0.21.0/go.mod h1:INezMuUu7SJQc2AyR3WO0DqqYUJSj8Kb4hBd7WtjlAw=
github.com/go-playground/assert/v2 v2.2.0 h1:JvknZsQTYeFEAhQwI4qEt9cyV5ONwRHC+lYKSsYSR8s=
github.com/go-playground/assert/v2 v2.2.0/go.mod h1:VDjEfimB/XKnb+ZQfWdccd7VUvScMdVu0Titje2rxJ4=
github.com/go-playground/locales v0.14.1 h1:EWaQ/wswjilfKLTECiXz7Rh+3BjFhfDFKv/oXslEjJA=
github.com/go-playground/locales v0.14.1/go.mod h1:hxrqLVvrK65+Rwrd5Fc6F2O76J/NuW9t0sjnWqG1slY=
github.com/go-playground/universal-translator v0.18.1 h1:Bcnm0ZwsGyWbCzImXv+pAJnYK9S473LQFuzCbDbfSFY=
github.com/go-playground/universal-translator v0.18.1/go.mod h1:xekY+UJKNuX9WP91TpwSH2VMlDf28Uj24BCp08ZFTUY=
github.com/go-playground/validator/v10 v10.23.0 h1:/PwmTwZhS0dPkav3cdK9kV1FsAmrL8sThn8IHr/sO+o=
github.com/go-playground/validator/v10 v10.23.0/go.mod h1:dbuPbCMFw/DrkbEynArYaCwl3amGuJotoKCe95atGMM=
github.com/go-redis/redis/v8 v8.11.5 h1:AcZZR7igkdvfVmQTPnu9WE37LRrO/YrBH5zWyjDC0oI=
github.com/go-redis/redis/v8 v8.11.5/go.mod h1:gREzHqY1hg6oD9ngVRbLStwAWKhA0FEgq8Jd4h5lpwo=
github.com/go-sql-driver/mysql v1.8.1 h1:LedoTUt/eveggdHS9qUFC1EFSa8bU2+1pZjSRpvNJ1Y=
github.com/go-sql-driver/mysql v1.8.1/go.mod h1:wEBSXgmK//2ZFJyE+qWnIsVGmvmEKlqwuVSjsCm7DZg=
github.com/go-test/deep v1.0.3 h1:ZrJSEWsXzPOxaZnFteGEfooLba+ju3FYIbOrS+rQd68=
github.com/go-test/deep v1.0.3/go.mod h1:wGDj63lr65AM2AQyKZd/NYHGb0R+1RLqB8NKt3aSFNA=
github.com/goccy/go-json v0.10.4 h1:JSwxQzIqKfmFX1swYPpUThQZp/Ka4wzJdK0LWVytLPM=
github.com/goccy/go-json v0.10.4/go.mod h1:oq7eo15ShAhp70Anwd5lgX2pLfOS3QCiwU/PULtXL6M=
github.com/gogo/protobuf v1.3.2 h1:Ov1cvc58UF3b5XjBnZv7+opcTcQFZebYjWzi34vdm4Q=
github.com/gogo/protobuf v1.3.2/go.mod h1:P1XiOD3dCwIKUDQYPy72D8LYyHL2YPYrpS2s69NZV8Q=
github.com/golang-migrate/migrate/v4 v4.18.1 h1:JML/k+t4tpHCpQTCAD62Nu43NUFzHY4CV3uAuvHGC+Y=
github.com/golang-migrate/migrate/v4 v4.18.1/go.mod h1:HAX6m3sQgcdO81tdjn5exv20+3Kb13cmGli1hrD6hks=
github.com/google/go-cmp v0.6.0 h1:ofyhxvXcZhMsU5ulbFiLKl/XBFqE1GSq7atu8tAmTRI=
github.com/google/go-cmp v0.6.0/go.mod h1:17dUlkBOakJ0+DkrSSNjCkIjxS6bF9zb3elmeNGIjoY=
github.com/google/gofuzz v1.0.0/go.mod h1:dBl0BpW6vV/+mYPU4Po3pmUjxk6FQPldtuIdl/M65Eg=
github.com/google/uuid v1.6.0 h1:NIvaJDMOsjHA8n1jAhLSgzrAzy1Hgr+hNrb57e+94F0=
github.com/google/uuid v1.6.0/go.mod h1:TIyPZe4MgqvfeYDBFedMoGGpEw/LqOeaOT+nhxU+yHo=
github.com/hashicorp/errwrap v1.0.0/go.mod h1:YH+1FKiLXxHSkmPseP+kNlulaMuP3n2brvKWEqk/Jc4=
github.com/hashicorp/errwrap v1.1.0 h1:OxrOeh75EUXMY8TBjag2fzXGZ40LB6IKw45YeGUDY2I=
github.com/hashicorp/errwrap v1.1.0/go.mod h1:YH+1FKiLXxHSkmPseP+kNlulaMuP3n2brvKWEqk/Jc4=
github.com/hashicorp/go-multierror v1.1.1 h1:H5DkEtf6CXdFp0N0Em5UCwQpXMWke8IA0+lD48awMYo=
github.com/hashicorp/go-multierror v1.1.1/go.mod h1:iw975J/qwKPdAO1clOe2L8331t/9/fmwbPZ6JB6eMoM=
github.com/hashicorp/hcl/v2 v2.23.0 h1:Fphj1/gCylPxHutVSEOf2fBOh1VE4AuLV7+kbJf3qos=
github.com/hashicorp/hcl/v2 v2.23.0/go.mod h1:62ZYHrXgPoX8xBnzl8QzbWq4dyDsDtfCRgIq1rbJEvA=
github.com/inconshreveable/mousetrap v1.1.0 h1:wN+x4NVGpMsO7ErUn/mUI3vEoE6Jt13X2s0bqwp9tc8=
github.com/inconshreveable/mousetrap v1.1.0/go.mod h1:vpF70FUmC8bwa3OWnCshd2FqLfsEA9PFc4w1p2J65bw=
github.com/jmespath/go-jmespath v0.4.0 h1:BEgLn5cpjn8UN1mAw4NjwDrS35OdebyEtFe+9YPoQUg=
github.com/jmespath/go-jmespath v0.4.0/go.mod h1:T8mJZnbsbmF+m6zOOFylbeCJqk5+pHWvzYPziyZiYoo=
github.com/jmespath/go-jmespath/internal/testify v1.5.1 h1:shLQSRRSCCPj3f2gpwzGwWFoC7ycTf1rcQZHOlsJ6N8=
github.com/jmespath/go-jmespath/internal/testify v1.5.1/go.mod h1:L3OGu8Wl2/fWfCI6z80xFu9LTZmf1ZRjMHUOPmWr69U=
github.com/json-iterator/go v1.1.12 h1:PV8peI4a0ysnczrg+LtxykD8LfKY9ML6u2jnxaEnrnM=
github.com/json-iterator/go v1.1.12/go.mod h1:e30LSqwooZae/UwlEbR2852Gd8hjQvJoHmT4TnhNGBo=
github.com/klauspost/cpuid/v2 v2.0.9/go.mod h1:FInQzS24/EEf25PyTYn52gqo7WaD8xa0213Md/qVLRg=
github.com/klauspost/cpuid/v2 v2.2.9 h1:66ze0taIn2H33fBvCkXuv9BmCwDfafmiIVpKV9kKGuY=
github.com/klauspost/cpuid/v2 v2.2.9/go.mod h1:rqkxqrZ1EhYM9G+hXH7YdowN5R5RGN6NK4QwQ3WMXF8=
github.com/knz/go-libedit v1.10.1/go.mod h1:MZTVkCWyz0oBc7JOWP3wNAzd002ZbM/5hgShxwh4x8M=
github.com/leodido/go-urn v1.4.0 h1:WT9HwE9SGECu3lg4d/dIA+jxlljEa1/ffXKmRjqdmIQ=
github.com/leodido/go-urn v1.4.0/go.mod h1:bvxc+MVxLKB4z00jd1z+Dvzr47oO32F/QSNjSBOlFxI=
github.com/lib/pq v1.10.9 h1:YXG7RB+JIjhP29X+OtkiDnYaXQwpS4JEWq7dtCCRUEw=
github.com/lib/pq v1.10.9/go.mod h1:AlVN5x4E4T544tWzH6hKfbfQvm3HdbOxrmggDNAPY9o=
github.com/mattn/go-isatty v0.0.20 h1:xfD0iDuEKnDkl03q4limB+vH+GxLEtL/jb4xVJSWWEY=
github.com/mattn/go-isatty v0.0.20/go.mod h1:W+V8PltTTMOvKvAeJH7IuucS94S2C6jfK/D7dTCTo3Y=
github.com/mattn/go-runewidth v0.0.9 h1:Lm995f3rfxdpd6TSmuVCHVb/QhupuXlYr8sCI/QdE+0=
github.com/mattn/go-runewidth v0.0.9/go.mod h1:H031xJmbD/WCDINGzjvQ9THkh0rPKHF+m2gUSrubnMI=
github.com/mattn/go-sqlite3 v1.14.22 h1:2gZY6PC6kBnID23Tichd1K+Z0oS6nE/XwU+Vz/5o4kU=
github.com/mattn/go-sqlite3 v1.14.22/go.mod h1:Uh1q+B4BYcTPb+yiD3kU8Ct7aC0hY9fxUwlHK0RXw+Y=
github.com/mitchellh/go-wordwrap v1.0.1 h1:TLuKupo69TCn6TQSyGxwI1EblZZEsQ0vMlAFQflz0v0=
github.com/mitchellh/go-wordwrap v1.0.1/go.mod h1:R62XHJLzvMFRBbcrT7m7WgmE1eOyTSsCt+hzestvNj0=
github.com/moby/docker-image-spec v1.3.1 h1:jMKff3w6PgbfSa69GfNg+zN/XLhfXJGnEx3Nl2EsFP0=
github.com/moby/docker-image-spec v1.3.1/go.mod h1:eKmb5VW8vQEh/BAr2yvVNvuiJuY6UIocYsFu/DxxRpo=
github.com/moby/term v0.5.0 h1:xt8Q1nalod/v7BqbG21f8mQPqH+xAaC9C3N3wfWbVP0=
github.com/moby/term v0.5.0/go.mod h1:8FzsFHVUBGZdbDsJw/ot+X+d5HLUbvklYLJ9uGfcI3Y=
github.com/modern-go/concurrent v0.0.0-20180228061459-e0a39a4cb421/go.mod h1:6dJC0mAP4ikYIbvyc7fijjWJddQyLn8Ig3JB5CqoB9Q=
github.com/modern-go/concurrent v0.0.0-20180306012644-bacd9c7ef1dd h1:TRLaZ9cD/w8PVh93nsPXa1VrQ6jlwL5oN8l14QlcNfg=
github.com/modern-go/concurrent v0.0.0-20180306012644-bacd9c7ef1dd/go.mod h1:6dJC0mAP4ikYIbvyc7fijjWJddQyLn8Ig3JB5CqoB9Q=
github.com/modern-go/reflect2 v1.0.2 h1:xBagoLtFs94CBntxluKeaWgTMpvLxC4ur3nMaC9Gz0M=
github.com/modern-go/reflect2 v1.0.2/go.mod h1:yWuevngMOJpCy52FWWMvUC8ws7m/LJsjYzDa0/r8luk=
github.com/mohae/deepcopy v0.0.0-20170929034955-c48cc78d4826 h1:RWengNIwukTxcDr9M+97sNutRR1RKhG96O6jWumTTnw=
github.com/mohae/deepcopy v0.0.0-20170929034955-c48cc78d4826/go.mod h1:TaXosZuwdSHYgviHp1DAtfrULt5eUgsSMsZf+YrPgl8=
github.com/morikuni/aec v1.0.0 h1:nP9CBfwrvYnBRgY6qfDQkygYDmYwOilePFkwzv4dU8A=
github.com/morikuni/aec v1.0.0/go.mod h1:BbKIizmSmc5MMPqRYbxO4ZU0S0+P200+tUnFx7PXmsc=
github.com/nxadm/tail v1.4.8 h1:nPr65rt6Y5JFSKQO7qToXr7pePgD6Gwiw05lkbyAQTE=
github.com/nxadm/tail v1.4.8/go.mod h1:+ncqLTQzXmGhMZNUePPaPqPvBxHAIsmXswZKocGu+AU=
github.com/olekukonko/tablewriter v0.0.5 h1:P2Ga83D34wi1o9J6Wh1mRuqd4mF/x/lgBS7N7AbDhec=
github.com/olekukonko/tablewriter v0.0.5/go.mod h1:hPp6KlRPjbx+hW8ykQs1w3UBbZlj6HuIJcUGPhkA7kY=
github.com/onsi/ginkgo v1.16.5 h1:8xi0RTUf59SOSfEtZMvwTvXYMzG4gV23XVHOZiXNtnE=
github.com/onsi/ginkgo v1.16.5/go.mod h1:+E8gABHa3K6zRBolWtd+ROzc/U5bkGt0FwiG042wbpU=
github.com/onsi/gomega v1.18.1 h1:M1GfJqGRrBrrGGsbxzV5dqM2U2ApXefZCQpkukxYRLE=
github.com/onsi/gomega v1.18.1/go.mod h1:0q+aL8jAiMXy9hbwj2mr5GziHiwhAIQpFmmtT5hitRs=
github.com/opencontainers/go-digest v1.0.0 h1:apOUWs51W5PlhuyGyz9FCeeBIOUDA/6nW8Oi/yOhh5U=
github.com/opencontainers/go-digest v1.0.0/go.mod h1:0JzlMkj0TRzQZfJkVvzbP0HBR3IKzErnv2BNG4W4MAM=
github.com/opencontainers/image-spec v1.1.0 h1:8SG7/vwALn54lVB/0yZ/MMwhFrPYtpEHQb2IpWsCzug=
github.com/opencontainers/image-spec v1.1.0/go.mod h1:W4s4sFTMaBeK1BQLXbG4AdM2szdn85PY75RI83NrTrM=
github.com/pelletier/go-toml/v2 v2.2.3 h1:YmeHyLY8mFWbdkNWwpr+qIL2bEqT0o95WSdkNHvL12M=
github.com/pelletier/go-toml/v2 v2.2.3/go.mod h1:MfCQTFTvCcUyyvvwm1+G6H/jORL20Xlb6rzQu9GuUkc=
github.com/pkg/errors v0.9.1 h1:FEBLx1zS214owpjy7qsBeixbURkuhQAwrK5UwLGTwt4=
github.com/pkg/errors v0.9.1/go.mod h1:bwawxfHBFNV+L2hUp1rHADufV3IMtnDRdf1r5NINEl0=
github.com/pmezard/go-difflib v1.0.0 h1:4DBwDE0NGyQoBHbLQYPwSUPoCMWR5BEzIk/f1lZbAQM=
github.com/pmezard/go-difflib v1.0.0/go.mod h1:iKH77koFhYxTK1pcRnkKkqfTogsbg7gZNVY4sRDYZ/4=
github.com/richardlehane/mscfb v1.0.4 h1:WULscsljNPConisD5hR0+OyZjwK46Pfyr6mPu5ZawpM=
github.com/richardlehane/mscfb v1.0.4/go.mod h1:YzVpcZg9czvAuhk9T+a3avCpcFPMUWm7gK3DypaEsUk=
github.com/richardlehane/msoleps v1.0.1/go.mod h1:BWev5JBpU9Ko2WAgmZEuiz4/u3ZYTKbjLycmwiWUfWg=
github.com/richardlehane/msoleps v1.0.4 h1:WuESlvhX3gH2IHcd8UqyCuFY5yiq/GR/yqaSM/9/g00=
github.com/richardlehane/msoleps v1.0.4/go.mod h1:BWev5JBpU9Ko2WAgmZEuiz4/u3ZYTKbjLycmwiWUfWg=
github.com/russross/blackfriday/v2 v2.1.0/go.mod h1:+Rmxgy9KzJVeS9/2gXHxylqXiyQDYRxCVz55jmeOWTM=
github.com/sirupsen/logrus v1.9.3 h1:dueUQJ1C2q9oE3F7wvmSGAaVtTmUizReu6fjN8uqzbQ=
github.com/sirupsen/logrus v1.9.3/go.mod h1:naHLuLoDiP4jHNo9R0sCBMtWGeIprob74mVsIT4qYEQ=
github.com/spf13/cobra v1.8.1 h1:e5/vxKd/rZsfSJMUX1agtjeTDf+qv1/JdBF8gg5k9ZM=
github.com/spf13/cobra v1.8.1/go.mod h1:wHxEcudfqmLYa8iTfL+OuZPbBZkmvliBWKIezN3kD9Y=
github.com/spf13/pflag v1.0.5 h1:iy+VFUOCP1a+8yFto/drg2CJ5u0yRoB7fZw3DKv/JXA=
github.com/spf13/pflag v1.0.5/go.mod h1:McXfInJRrz4CZXVZOBLb0bTZqETkiAhM9Iw0y3An2Bg=
github.com/stretchr/objx v0.1.0/go.mod h1:HFkY916IF+rwdDfMAkV7OtwuqBVzrE8GR6GFx+wExME=
github.com/stretchr/objx v0.4.0/go.mod h1:YvHI0jy2hoMjB+UWwv71VJQ9isScKT/TqJzVSSt89Yw=
github.com/stretchr/objx v0.5.0/go.mod h1:Yh+to48EsGEfYuaHDzXPcE3xhTkx73EhmCGUpEOglKo=
github.com/stretchr/testify v1.3.0/go.mod h1:M5WIy9Dh21IEIfnGCwXGc5bZfKNJtfHm1UVUgZn+9EI=
github.com/stretchr/testify v1.7.0/go.mod h1:6Fq8oRcR53rry900zMqJjRRixrwX3KX962/h/Wwjteg=
github.com/stretchr/testify v1.7.1/go.mod h1:6Fq8oRcR53rry900zMqJjRRixrwX3KX962/h/Wwjteg=
github.com/stretchr/testify v1.8.0/go.mod h1:yNjHg4UonilssWZ8iaSj1OCr/vHnekPRkoO+kdMU+MU=
github.com/stretchr/testify v1.8.1/go.mod h1:w2LPCIKwWwSfY2zedu0+kehJoqGctiVI29o6fzry7u4=
github.com/stretchr/testify v1.9.0 h1:HtqpIVDClZ4nwg75+f6Lvsy/wHu+3BoSGCbBAcpTsTg=
github.com/stretchr/testify v1.9.0/go.mod h1:r2ic/lqez/lEtzL7wO/rwa5dbSLXVDPFyf8C91i36aY=
github.com/twitchyliquid64/golang-asm v0.15.1 h1:SU5vSMR7hnwNxj24w34ZyCi/FmDZTkS4MhqMhdFk5YI=
github.com/twitchyliquid64/golang-asm v0.15.1/go.mod h1:a1lVb/DtPvCB8fslRZhAngC2+aY1QWCk3Cedj/Gdt08=
github.com/ugorji/go/codec v1.2.12 h1:9LC83zGrHhuUA9l16C9AHXAqEV/2wBQ4nkvumAE65EE=
github.com/ugorji/go/codec v1.2.12/go.mod h1:UNopzCgEMSXjBc6AOMqYvWC1ktqTAfzJZUZgYf6w6lg=
github.com/weiloon1234/gokit v0.0.0-20241218114822-d20055e19fea h1:Ht3OcNhuJzv8Gt5j4Jao3VlYvU0IJBcOmA01MH89NLY=
github.com/weiloon1234/gokit v0.0.0-20241218114822-d20055e19fea/go.mod h1:8CK+dNKmHyZt3aqoa2Vp7M11FIIGFLJMqTOwlkTUMmI=
github.com/weiloon1234/gokit v0.0.0-20241218120607-f6d5061cd7fd h1:i44pO3UnltASVk7jAHdqTQta43yqWPnHn4GanwLq3mY=
github.com/weiloon1234/gokit v0.0.0-20241218120607-f6d5061cd7fd/go.mod h1:bTQgI9+jeoII4JxMQWuca+we9MZ8SmL40txlYh4gJv8=
github.com/weiloon1234/gokit v0.0.0-20241218121432-af55f61e8ded h1:bSrZpGrJoqkNmkBYMyosmMBW1iR5ickaKUawjx2Md+k=
github.com/weiloon1234/gokit v0.0.0-20241218121432-af55f61e8ded/go.mod h1:bTQgI9+jeoII4JxMQWuca+we9MZ8SmL40txlYh4gJv8=
github.com/weiloon1234/gokit v0.0.0-20241218123112-9de35f696393 h1:w24+O9R20O1qhHC15mZkHApBsCpJDvrAqD7m9Bpbdxc=
github.com/weiloon1234/gokit v0.0.0-20241218123112-9de35f696393/go.mod h1:bTQgI9+jeoII4JxMQWuca+we9MZ8SmL40txlYh4gJv8=
github.com/weiloon1234/gokit v0.0.0-20241218123933-0495438fe241 h1:fnJLfbPO7sANoc+ZkmfudZPNuHbo1x6lSv7zuf90LX8=
github.com/weiloon1234/gokit v0.0.0-20241218123933-0495438fe241/go.mod h1:bTQgI9+jeoII4JxMQWuca+we9MZ8SmL40txlYh4gJv8=
github.com/weiloon1234/gokit v0.0.0-20241219122102-3a65610ea35e h1:XVtfKizxgDtajif3MKqbPpv8k62EQnavX9qFLj992Rk=
github.com/weiloon1234/gokit v0.0.0-20241219122102-3a65610ea35e/go.mod h1:bTQgI9+jeoII4JxMQWuca+we9MZ8SmL40txlYh4gJv8=
github.com/weiloon1234/gokit v0.0.0-20241219132503-82e4b82e2f7c h1:Ev9dS5M7UFqD3GOqIOSgyv7OJld+uYfo7+B6fyXnBl4=
github.com/weiloon1234/gokit v0.0.0-20241219132503-82e4b82e2f7c/go.mod h1:vYV2juGs4Po+DC5q19PZkeEUld2vJXXu6gfylCk/tX4=
github.com/weiloon1234/gokit v0.0.0-20241219132745-e581d50ba61f h1:62k0rmYlxFDZNvHyomuzDEDfG3EncF3NIU2zVXR4vxM=
github.com/weiloon1234/gokit v0.0.0-20241219132745-e581d50ba61f/go.mod h1:vYV2juGs4Po+DC5q19PZkeEUld2vJXXu6gfylCk/tX4=
github.com/weiloon1234/gokit v0.0.0-20241219133130-1fffbea2baf3 h1:UoyxebvQecUnh7AdipvY7XKct08auMkiYcE0hCC2UMA=
github.com/weiloon1234/gokit v0.0.0-20241219133130-1fffbea2baf3/go.mod h1:6BrN3AXKK70tEKuPRe8ni+O+amBv+ag1GIh5OqvPED0=
github.com/weiloon1234/gokit v0.0.0-20241219133555-1dcce27b7b3f h1:yiDhCb2FDBoSmovYizKr+KurFA4uJ0VSyt94AbDmcvw=
github.com/weiloon1234/gokit v0.0.0-20241219133555-1dcce27b7b3f/go.mod h1:NeC6brQlX8gEdYNHt52aJhICcDysiUwfZsQJ1plD8jc=
github.com/weiloon1234/gokit v0.0.0-20241219142119-51978e66f846 h1:ST2R+4MV4AMLWzt78YiLrYO9M1aIEyLWkC3JGUdQ1qM=
github.com/weiloon1234/gokit v0.0.0-20241219142119-51978e66f846/go.mod h1:pscdWEDRuztGDN63UaltD/hLsgalTcpIrvaukaKWvYU=
github.com/weiloon1234/gokit v0.0.0-20241219143300-d2882b95a2df h1:kVESVmFt1CUEQEDcbmLfChJ6m3cMMS7ane3vtDumzzw=
github.com/weiloon1234/gokit v0.0.0-20241219143300-d2882b95a2df/go.mod h1:pscdWEDRuztGDN63UaltD/hLsgalTcpIrvaukaKWvYU=
github.com/weiloon1234/gokit v0.0.0-20241219143646-7e800cdcc909 h1:Bbxdght+XQRYm+aqL3N2wHXsHM35PmkTWUC0XLXCmRQ=
github.com/weiloon1234/gokit v0.0.0-20241219143646-7e800cdcc909/go.mod h1:pscdWEDRuztGDN63UaltD/hLsgalTcpIrvaukaKWvYU=
github.com/weiloon1234/gokit v0.0.0-20241219144134-2e55aabd6734 h1:oaCuf0uK/jr8by+DH5fVL3mFq/v1EDGhQN3vPe08GIQ=
github.com/weiloon1234/gokit v0.0.0-20241219144134-2e55aabd6734/go.mod h1:pscdWEDRuztGDN63UaltD/hLsgalTcpIrvaukaKWvYU=
github.com/weiloon1234/gokit v0.0.0-20241219145145-4c4f5f02d150 h1:LcWv7zXQGNq05TKGusIKblhlD8u7xHQiIzIcvNO3QGU=
github.com/weiloon1234/gokit v0.0.0-20241219145145-4c4f5f02d150/go.mod h1:pscdWEDRuztGDN63UaltD/hLsgalTcpIrvaukaKWvYU=
github.com/weiloon1234/gokit v0.0.0-20241219150159-09a2b4e6540e h1:kSXnCO/cle4jkNrhR+k72l/a6T11vErEzQZNZWy0u8c=
github.com/weiloon1234/gokit v0.0.0-20241219150159-09a2b4e6540e/go.mod h1:pscdWEDRuztGDN63UaltD/hLsgalTcpIrvaukaKWvYU=
github.com/weiloon1234/gokit v0.0.0-20241219151102-d5ac0468d1ab h1:D9+nKaI9no6nF8jlV5t5ERx9ABGJM2ksG9pNL2yvJrk=
github.com/weiloon1234/gokit v0.0.0-20241219151102-d5ac0468d1ab/go.mod h1:pscdWEDRuztGDN63UaltD/hLsgalTcpIrvaukaKWvYU=
github.com/weiloon1234/gokit v0.0.0-20241219151601-f38074ed1f8c h1:MDZjQk/BG12aruF0ibW3sNYbDXu0z8amCSWr5HCZP8I=
github.com/weiloon1234/gokit v0.0.0-20241219151601-f38074ed1f8c/go.mod h1:pscdWEDRuztGDN63UaltD/hLsgalTcpIrvaukaKWvYU=
github.com/weiloon1234/gokit v0.0.0-20241219152234-c6dde6fe1234 h1:M6qI2c7lYSc4XNXXqHDaMYUA5eopJHpCkiJ0i38tmdU=
github.com/weiloon1234/gokit v0.0.0-20241219152234-c6dde6fe1234/go.mod h1:pscdWEDRuztGDN63UaltD/hLsgalTcpIrvaukaKWvYU=
github.com/weiloon1234/gokit v0.0.0-20241219152720-9699a39f5318 h1:oSpyttTUPoFikgEMcpySBdF0H26HyTaPbKBwJTGoOLM=
github.com/weiloon1234/gokit v0.0.0-20241219152720-9699a39f5318/go.mod h1:pscdWEDRuztGDN63UaltD/hLsgalTcpIrvaukaKWvYU=
github.com/weiloon1234/gokit v0.0.0-20241219153621-d96ebf8cfaae h1:wE9/TItwj7yQ92vREvdRWP+2LcNE4jw920L+VMW5/Z8=
github.com/weiloon1234/gokit v0.0.0-20241219153621-d96ebf8cfaae/go.mod h1:pscdWEDRuztGDN63UaltD/hLsgalTcpIrvaukaKWvYU=
github.com/weiloon1234/gokit v0.0.0-20241219154147-349b1a5e10ee h1:6a/JtTGJg6eufCY0SmEZI2A6cVi5Yi8PD2CCU9gyTMw=
github.com/weiloon1234/gokit v0.0.0-20241219154147-349b1a5e10ee/go.mod h1:pscdWEDRuztGDN63UaltD/hLsgalTcpIrvaukaKWvYU=
github.com/weiloon1234/gokit v0.0.0-20241219154905-ff442eacc7a5 h1:Zcw2FWPiepffnLfNHjKAmsLGkLqZl/sjImtaA42MK+c=
github.com/weiloon1234/gokit v0.0.0-20241219154905-ff442eacc7a5/go.mod h1:pscdWEDRuztGDN63UaltD/hLsgalTcpIrvaukaKWvYU=
github.com/weiloon1234/gokit v0.0.0-20241219155601-b53baac79e38 h1:ztaSIz9NRu9KXe+dyDSfCgwsCBA808UGbxzFJ+ztRlQ=
github.com/weiloon1234/gokit v0.0.0-20241219155601-b53baac79e38/go.mod h1:pscdWEDRuztGDN63UaltD/hLsgalTcpIrvaukaKWvYU=
github.com/weiloon1234/gokit v0.0.0-20241219160819-c1d3921f07df h1:ByVTZDJr0bz3Ntkx4be3PSnD9IKexTy3OWNp6VaWBe8=
github.com/weiloon1234/gokit v0.0.0-20241219160819-c1d3921f07df/go.mod h1:2/SsJJGN7nfNdZbAr8jfSkvuQNrpJCZFVwQdPrP05QY=
github.com/weiloon1234/gokit v0.0.0-20241219161651-8b5757d38d33 h1:h24sIELolf1BSNxE7TmE91kSxaiBSVogoXDZXYOfOgM=
github.com/weiloon1234/gokit v0.0.0-20241219161651-8b5757d38d33/go.mod h1:ePeoi4Dvp2IT/J3bVeH5TrqoAM/M7lzoiafWRnTD9Pg=
github.com/weiloon1234/gokit v0.0.0-20241219170405-10b34bd9f84c h1:VxwAClRD5mpYHenRNLCA5nWOIZePA5lsD5nIyPWbCmc=
github.com/weiloon1234/gokit v0.0.0-20241219170405-10b34bd9f84c/go.mod h1:W87QjyAmkPLXlQ0qA3iEmuPqNYdiJxdYQYI2b1VyfOE=
github.com/weiloon1234/gokit v0.0.0-20241219171704-725c88e1d984 h1:5pbglRVy/2AnAiE8lm8wG3sCeHtm4vUXZXPKb09+IU8=
github.com/weiloon1234/gokit v0.0.0-20241219171704-725c88e1d984/go.mod h1:IOHQSVKcK5kavUarZa0mOa9YBEdbjaeslsIHFMndPIE=
github.com/weiloon1234/gokit v0.0.0-20241219171950-985e7e57a6ac h1:WB2KNM3UPZbYiCbZxzCSdZo1CHrMhS08B85Sptj1DlE=
github.com/weiloon1234/gokit v0.0.0-20241219171950-985e7e57a6ac/go.mod h1:gn4KDK8aUNOc8XOfFB+1SpZdidj7opHOMnrv74aHkwo=
github.com/weiloon1234/gokit v0.0.0-20241219172514-85515a0b3120 h1:HRJU2SVDMm+TcJytMueKfJPpXMNB20PRaFkbhP3cbPs=
github.com/weiloon1234/gokit v0.0.0-20241219172514-85515a0b3120/go.mod h1:Ylf3RS6Xhf6Kv1t9DWdViuFD+RocG0Vc3VpJ27YzXi4=
github.com/weiloon1234/gokit v0.0.0-20241219173306-82340e74ee3c h1:9ItIjEkCG/Eza4ko39nKbV4N0JfBawmQu/xqu2CQRuI=
github.com/weiloon1234/gokit v0.0.0-20241219173306-82340e74ee3c/go.mod h1:XsgoaRGBGPuloMI0m2HE3Dik9KS7ie2VB0OVuThct44=
github.com/weiloon1234/gokit v0.0.0-20241219174441-dbf588acc9d0 h1:9IRew1WhuqqSEx1kFIXKFUWeY5IlQc+MbAY2KBHMbGs=
github.com/weiloon1234/gokit v0.0.0-20241219174441-dbf588acc9d0/go.mod h1:YsN9j9jRUPpSl6oXLAiqJNa6it1mf7iN+fe1VoGt3Mg=
github.com/weiloon1234/gokit v0.0.0-20241219180432-e5de8bc0eac9 h1:wp1cVTp2cyA5mhbTuUUl862XJaJGvVfo/3C/ZT7AS8s=
github.com/weiloon1234/gokit v0.0.0-20241219180432-e5de8bc0eac9/go.mod h1:IDCeVlSQQLWm6OFfPLAf+R5O9hq71TlqyUQHPaVaxm8=
github.com/weiloon1234/gokit-base-entity v0.0.0-20241219121838-d6c97fb4588c h1:m+z/+/W/0eI391GytuFilo8rV1o7rsSDdfr6kmwT27Y=
github.com/weiloon1234/gokit-base-entity v0.0.0-20241219121838-d6c97fb4588c/go.mod h1:DWCbPzqy5MWtkDrBcD1gjnKnu1bxfegwEf/f7Zjc9BE=
github.com/weiloon1234/gokit-base-entity v0.0.0-20241219123456-6ec49c71fed7 h1:gRzcUpvIWfmUrFO9fO3MqBFLYL8fi4Mp7QhmxK39f2w=
github.com/weiloon1234/gokit-base-entity v0.0.0-20241219123456-6ec49c71fed7/go.mod h1:DWCbPzqy5MWtkDrBcD1gjnKnu1bxfegwEf/f7Zjc9BE=
github.com/weiloon1234/gokit-base-entity v0.0.0-20241219123801-074b6360e36e h1:TzqnOpTMvDZn4OrSPWsycwLnyO5Pd3Ru20I0MggVBTk=
github.com/weiloon1234/gokit-base-entity v0.0.0-20241219123801-074b6360e36e/go.mod h1:DWCbPzqy5MWtkDrBcD1gjnKnu1bxfegwEf/f7Zjc9BE=
github.com/weiloon1234/gokit-base-entity v0.0.0-20241219132410-02e54e744223 h1:k29AeQ/P1a8pMaWhk7I9VCrE59oYj/DIfP1IOH6PSVE=
github.com/weiloon1234/gokit-base-entity v0.0.0-20241219132410-02e54e744223/go.mod h1:Vaey5q4toExoZxNgZP91Oc0H6LtcdM7x02A5l5sXRzY=
github.com/weiloon1234/gokit-base-entity v0.0.0-20241219133054-7ef4f25dd210 h1:3nHxfJndg8fjSGoi1Kw+EIehr9IU1hkUtyaYAOBW0Oo=
github.com/weiloon1234/gokit-base-entity v0.0.0-20241219133054-7ef4f25dd210/go.mod h1:Vaey5q4toExoZxNgZP91Oc0H6LtcdM7x02A5l5sXRzY=
github.com/weiloon1234/gokit-base-entity v0.0.0-20241219133520-9108bf3ec1ec h1:ybwx27TBK8eOtiMTbmbEXq4cWrVkLpv3Nz/iKtVz0Gw=
github.com/weiloon1234/gokit-base-entity v0.0.0-20241219133520-9108bf3ec1ec/go.mod h1:Vaey5q4toExoZxNgZP91Oc0H6LtcdM7x02A5l5sXRzY=
github.com/weiloon1234/gokit-base-entity v0.0.0-20241219135101-3e90935249bb h1:8zmGYufas9FAeD7Hs8DGTBUDWCT7CtLELr3OPulRedk=
github.com/weiloon1234/gokit-base-entity v0.0.0-20241219135101-3e90935249bb/go.mod h1:Vaey5q4toExoZxNgZP91Oc0H6LtcdM7x02A5l5sXRzY=
github.com/weiloon1234/gokit-base-entity v0.0.0-20241219160739-6a48472bcdcf h1:oHvyETQfB/LT1pYORTqPxN7ifS3AVklfD8qELwUzITA=
github.com/weiloon1234/gokit-base-entity v0.0.0-20241219160739-6a48472bcdcf/go.mod h1:Vaey5q4toExoZxNgZP91Oc0H6LtcdM7x02A5l5sXRzY=
github.com/weiloon1234/gokit-base-entity v0.0.0-20241219161620-bda8454a75eb h1:V4MH3jML7kHwKVpttvXrHZhR6oE4vSrQZAXkj6tRDYg=
github.com/weiloon1234/gokit-base-entity v0.0.0-20241219161620-bda8454a75eb/go.mod h1:Vaey5q4toExoZxNgZP91Oc0H6LtcdM7x02A5l5sXRzY=
github.com/weiloon1234/gokit-base-entity v0.0.0-20241219170240-43bf3889decd h1:Nls3z32oXsHbBX/nemRYWLQyBrNYHVlH1iEP5FiAhv0=
github.com/weiloon1234/gokit-base-entity v0.0.0-20241219170240-43bf3889decd/go.mod h1:Vaey5q4toExoZxNgZP91Oc0H6LtcdM7x02A5l5sXRzY=
github.com/weiloon1234/gokit-base-entity v0.0.0-20241219171554-119a83ce04ac h1:IPq+nlhy0jIRv8etkikQYs/KEKbK31I2DU20ca9uBII=
github.com/weiloon1234/gokit-base-entity v0.0.0-20241219171554-119a83ce04ac/go.mod h1:Vaey5q4toExoZxNgZP91Oc0H6LtcdM7x02A5l5sXRzY=
github.com/weiloon1234/gokit-base-entity v0.0.0-20241219171918-56607b741722 h1:kWYVjUNpQj0o40TvjxtNgzz7j1+k5jOdR2a0cFtuisk=
github.com/weiloon1234/gokit-base-entity v0.0.0-20241219171918-56607b741722/go.mod h1:Vaey5q4toExoZxNgZP91Oc0H6LtcdM7x02A5l5sXRzY=
github.com/weiloon1234/gokit-base-entity v0.0.0-20241219172428-8da4f7926508 h1:jwhph9fTQCnCTfMf6AzSn4yfOdrUAsZiw1tf+rrsO/I=
github.com/weiloon1234/gokit-base-entity v0.0.0-20241219172428-8da4f7926508/go.mod h1:Vaey5q4toExoZxNgZP91Oc0H6LtcdM7x02A5l5sXRzY=
github.com/weiloon1234/gokit-base-entity v0.0.0-20241219173134-3236e23d60c8 h1:JTx4XWb0ipYG34JoPpBtI4aCYCP/dBjEz34yAAhpKVI=
github.com/weiloon1234/gokit-base-entity v0.0.0-20241219173134-3236e23d60c8/go.mod h1:Vaey5q4toExoZxNgZP91Oc0H6LtcdM7x02A5l5sXRzY=
github.com/weiloon1234/gokit-base-entity v0.0.0-20241219173708-a6aea20052f9 h1:o2U89VOEejvZX/S+H7Gt9MsmtMMw5nfw0iWRWPphWlk=
github.com/weiloon1234/gokit-base-entity v0.0.0-20241219173708-a6aea20052f9/go.mod h1:Vaey5q4toExoZxNgZP91Oc0H6LtcdM7x02A5l5sXRzY=
github.com/weiloon1234/gokit-base-entity v0.0.0-20241219174212-36b9290c4378 h1:FCDP7x2X5vWLKExn5OjRzwwHRjU+UoKxdvgZ7RG0qF4=
github.com/weiloon1234/gokit-base-entity v0.0.0-20241219174212-36b9290c4378/go.mod h1:Vaey5q4toExoZxNgZP91Oc0H6LtcdM7x02A5l5sXRzY=
github.com/weiloon1234/gokit-base-entity v0.0.0-20241219180334-f291767f186e h1:K76wajqg4GQ1FUFCGhKdRoXk3Qcjn/UpLTFxSeJc7tU=
github.com/weiloon1234/gokit-base-entity v0.0.0-20241219180334-f291767f186e/go.mod h1:Vaey5q4toExoZxNgZP91Oc0H6LtcdM7x02A5l5sXRzY=
github.com/xuri/efp v0.0.0-20241211021726-c4e992084aa6 h1:8m6DWBG+dlFNbx5ynvrE7NgI+Y7OlZVMVTpayoW+rCc=
github.com/xuri/efp v0.0.0-20241211021726-c4e992084aa6/go.mod h1:ybY/Jr0T0GTCnYjKqmdwxyxn2BQf2RcQIIvex5QldPI=
github.com/xuri/excelize/v2 v2.9.0 h1:1tgOaEq92IOEumR1/JfYS/eR0KHOCsRv/rYXXh6YJQE=
github.com/xuri/excelize/v2 v2.9.0/go.mod h1:uqey4QBZ9gdMeWApPLdhm9x+9o2lq4iVmjiLfBS5hdE=
github.com/xuri/nfp v0.0.0-20240318013403-ab9948c2c4a7 h1:hPVCafDV85blFTabnqKgNhDCkJX25eik94Si9cTER4A=
github.com/xuri/nfp v0.0.0-20240318013403-ab9948c2c4a7/go.mod h1:WwHg+CVyzlv/TX9xqBFXEZAuxOPxn2k1GNHwG41IIUQ=
github.com/zclconf/go-cty v1.15.1 h1:RgQYm4j2EvoBRXOPxhUvxPzRrGDo1eCOhHXuGfrj5S0=
github.com/zclconf/go-cty v1.15.1/go.mod h1:VvMs5i0vgZdhYawQNq5kePSpLAoz8u1xvZgrPIxfnZE=
github.com/zclconf/go-cty-debug v0.0.0-20240509010212-0d6042c53940 h1:4r45xpDWB6ZMSMNJFMOjqrGHynW3DIBuR2H9j0ug+Mo=
github.com/zclconf/go-cty-debug v0.0.0-20240509010212-0d6042c53940/go.mod h1:CmBdvvj3nqzfzJ6nTCIwDTPZ56aVGvDrmztiO5g3qrM=
go.opentelemetry.io/contrib/instrumentation/net/http/otelhttp v0.54.0 h1:TT4fX+nBOA/+LUkobKGW1ydGcn+G3vRw9+g5HwCphpk=
go.opentelemetry.io/contrib/instrumentation/net/http/otelhttp v0.54.0/go.mod h1:L7UH0GbB0p47T4Rri3uHjbpCFYrVrwc1I25QhNPiGK8=
go.opentelemetry.io/otel v1.29.0 h1:PdomN/Al4q/lN6iBJEN3AwPvUiHPMlt93c8bqTG5Llw=
go.opentelemetry.io/otel v1.29.0/go.mod h1:N/WtXPs1CNCUEx+Agz5uouwCba+i+bJGFicT8SR4NP8=
go.opentelemetry.io/otel/metric v1.29.0 h1:vPf/HFWTNkPu1aYeIsc98l4ktOQaL6LeSoeV2g+8YLc=
go.opentelemetry.io/otel/metric v1.29.0/go.mod h1:auu/QWieFVWx+DmQOUMgj0F8LHWdgalxXqvp7BII/W8=
go.opentelemetry.io/otel/trace v1.29.0 h1:J/8ZNK4XgR7a21DZUAsbF8pZ5Jcw1VhACmnYt39JTi4=
go.opentelemetry.io/otel/trace v1.29.0/go.mod h1:eHl3w0sp3paPkYstJOmAimxhiFXPg+MMTlEh3nsQgWQ=
go.uber.org/atomic v1.11.0 h1:ZvwS0R+56ePWxUNi+Atn9dWONBPp/AUETXlHW0DxSjE=
go.uber.org/atomic v1.11.0/go.mod h1:LUxbIzbOniOlMKjJjyPfpl4v+PKK2cNJn91OQbhoJI0=
golang.org/x/arch v0.12.0 h1:UsYJhbzPYGsT0HbEdmYcqtCv8UNGvnaL561NnIUvaKg=
golang.org/x/arch v0.12.0/go.mod h1:FEVrYAQjsQXMVJ1nsMoVVXPZg6p2JE2mx8psSWTDQys=
golang.org/x/crypto v0.31.0 h1:ihbySMvVjLAeSH1IbfcRTkD/iNscyz8rGzjF/E5hV6U=
golang.org/x/crypto v0.31.0/go.mod h1:kDsLvtWBEx7MV9tJOj9bnXsPbxwJQ6csT/x4KIN4Ssk=
golang.org/x/image v0.0.0-20191009234506-e7c1f5e7dbb8/go.mod h1:FeLwcggjj3mMvU+oOTbSwawSJRM1uh48EjtB4UJZlP0=
golang.org/x/image v0.23.0 h1:HseQ7c2OpPKTPVzNjG5fwJsOTCiiwS4QdsYi5XU6H68=
golang.org/x/image v0.23.0/go.mod h1:wJJBTdLfCCf3tiHa1fNxpZmUI4mmoZvwMCPP0ddoNKY=
golang.org/x/mod v0.22.0 h1:D4nJWe9zXqHOmWqj4VMOJhvzj7bEZg4wEYa759z1pH4=
golang.org/x/mod v0.22.0/go.mod h1:6SkKJ3Xj0I0BrPOZoBy3bdMptDDU9oJrpohJ3eWZ1fY=
golang.org/x/net v0.32.0 h1:ZqPmj8Kzc+Y6e0+skZsuACbx+wzMgo5MQsJh9Qd6aYI=
golang.org/x/net v0.32.0/go.mod h1:CwU0IoeOlnQQWJ6ioyFrfRuomB8GKF6KbYXZVyeXNfs=
golang.org/x/net v0.33.0 h1:74SYHlV8BIgHIFC/LrYkOGIwL19eTYXQ5wc6TBuO36I=
golang.org/x/net v0.33.0/go.mod h1:HXLR5J+9DxmrqMwG9qjGCxZ+zKXxBru04zlTvWlWuN4=
golang.org/x/sync v0.10.0 h1:3NQrjDixjgGwUOCaF8w2+VYHv0Ve/vGYSbdkTa98gmQ=
golang.org/x/sync v0.10.0/go.mod h1:Czt+wKu1gCyEFDUtn0jG5QVvpJ6rzVqr5aXyt9drQfk=
golang.org/x/sys v0.0.0-20220715151400-c0bba94af5f8/go.mod h1:oPkhp1MJrh7nUepCBck5+mAzfO9JrbApNNgaTdGDITg=
golang.org/x/sys v0.6.0/go.mod h1:oPkhp1MJrh7nUepCBck5+mAzfO9JrbApNNgaTdGDITg=
golang.org/x/sys v0.28.0 h1:Fksou7UEQUWlKvIdsqzJmUmCX3cZuD2+P3XyyzwMhlA=
golang.org/x/sys v0.28.0/go.mod h1:/VUhepiaJMQUp4+oa/7Zr1D23ma6VTLIYjOOTFZPUcA=
golang.org/x/text v0.3.0/go.mod h1:NqM8EUOU14njkJ3fqMW+pc6Ldnwhi/IjpwHt7yyuwOQ=
golang.org/x/text v0.21.0 h1:zyQAAkrwaneQ066sspRyJaG9VNi/YJ1NfzcGB3hZ/qo=
golang.org/x/text v0.21.0/go.mod h1:4IBbMaMmOPCJ8SecivzSH54+73PCFmPWxNTLm+vZkEQ=
golang.org/x/tools v0.28.0 h1:WuB6qZ4RPCQo5aP3WdKZS7i595EdWqWR8vqJTlwTVK8=
golang.org/x/tools v0.28.0/go.mod h1:dcIOrVd3mfQKTgrDVQHqCPMWy6lnhfhtX3hLXYVLfRw=
google.golang.org/protobuf v1.36.0 h1:mjIs9gYtt56AzC4ZaffQuh88TZurBGhIJMBZGSxNerQ=
google.golang.org/protobuf v1.36.0/go.mod h1:9fA7Ob0pmnwhb644+1+CVWFRbNajQ6iRojtC/QF5bRE=
gopkg.in/check.v1 v0.0.0-20161208181325-20d25e280405 h1:yhCVgyC4o1eVCa2tZl7eS0r+SDo693bJlVdllGtEeKM=
gopkg.in/check.v1 v0.0.0-20161208181325-20d25e280405/go.mod h1:Co6ibVJAznAaIkqp8huTwlJQCZ016jof/cbN4VW5Yz0=
gopkg.in/tomb.v1 v1.0.0-20141024135613-dd632973f1e7 h1:uRGJdciOHaEIrze2W8Q3AKkepLTh2hOroT7a+7czfdQ=
gopkg.in/tomb.v1 v1.0.0-20141024135613-dd632973f1e7/go.mod h1:dt/ZhP58zS4L8KSrWDmTeBkI65Dw0HsyUHuEVlX15mw=
gopkg.in/yaml.v2 v2.2.8/go.mod h1:hI93XBmqTisBFMUTm0b8Fm+jr3Dg1NNxqwp+5A1VGuI=
gopkg.in/yaml.v2 v2.4.0 h1:D8xgwECY7CYvx+Y2n4sBz93Jn9JRvxdiyyo8CTfuKaY=
gopkg.in/yaml.v2 v2.4.0/go.mod h1:RDklbk79AGWmwhnvt/jBztapEOGDOx6ZbXqjP6csGnQ=
gopkg.in/yaml.v3 v3.0.0-20200313102051-9f266ea9e77c/go.mod h1:K4uyk7z7BCEPqu6E+C64Yfv1cQ7kz7rIZviUmN+EgEM=
gopkg.in/yaml.v3 v3.0.1 h1:fxVm/GzAzEWqLHuvctI91KS9hhNmmWOoWu0XTYJS7CA=
gopkg.in/yaml.v3 v3.0.1/go.mod h1:K4uyk7z7BCEPqu6E+C64Yfv1cQ7kz7rIZviUmN+EgEM=
nullprogram.com/x/optparse v1.0.0/go.mod h1:KdyPE+Igbe0jQUrVfMqDMeJQIJZEuyV7pjYmp6pbG50=
